
Microsoft Visual Studio Solution File, Format Version 12.00
# Visual Studio Version 16
VisualStudioVersion = 16.0.29009.5
MinimumVisualStudioVersion = 10.0.40219.1
Project("{FAE04EC0-301F-11D3-BF4B-00C04F79EFBC}") = "unity-theme-switcher", "unity-theme-switcher.csproj", "{BC5EF198-829B-434F-9D92-A615E06769E0}"
EndProject
Global
	GlobalSection(SolutionConfigurationPlatforms) = preSolution
		Debug|Any CPU = Debug|Any CPU
		Release|Any CPU = Release|Any CPU
	EndGlobalSection
	GlobalSection(ProjectConfigurationPlatforms) = postSolution
		{BC5EF198-829B-434F-9D92-A615E06769E0}.Debug|Any CPU.ActiveCfg = Debug|Any CPU
		{BC5EF198-829B-434F-9D92-A615E06769E0}.Debug|Any CPU.Build.0 = Debug|Any CPU
		{BC5EF198-829B-434F-9D92-A615E06769E0}.Release|Any CPU.ActiveCfg = Release|Any CPU
		{BC5EF198-829B-434F-9D92-A615E06769E0}.Release|Any CPU.Build.0 = Release|Any CPU
	EndGlobalSection
	GlobalSection(SolutionProperties) = preSolution
		HideSolutionNode = FALSE
	EndGlobalSection
	GlobalSection(ExtensibilityGlobals) = postSolution
		SolutionGuid = {68C5283C-8018-4DDF-9771-1E1280861362}
	EndGlobalSection
EndGlobal
